// !$*UTF8*$!
{
	archiveVersion = 1;
	classes = {
	};
	objectVersion = 51;
	objects = {

/* Begin PBXBuildFile section */
		6CBAF1D1677E269D32232804 /* Pods_UDSTestTests.framework in Frameworks */ = {isa = PBXBuildFile; fileRef = 2C5673B16DAF4475C786B1DD /* Pods_UDSTestTests.framework */; };
		924DE2A92393FE5100F5D823 /* AppDelegate.swift in Sources */ = {isa = PBXBuildFile; fileRef = 924DE2A82393FE5100F5D823 /* AppDelegate.swift */; };
		924DE2B32393FE5100F5D823 /* UDSTest.xcdatamodeld in Sources */ = {isa = PBXBuildFile; fileRef = 924DE2B12393FE5100F5D823 /* UDSTest.xcdatamodeld */; };
		924DE2B52393FE5300F5D823 /* Assets.xcassets in Resources */ = {isa = PBXBuildFile; fileRef = 924DE2B42393FE5300F5D823 /* Assets.xcassets */; };
		924DE2B82393FE5300F5D823 /* LaunchScreen.storyboard in Resources */ = {isa = PBXBuildFile; fileRef = 924DE2B62393FE5300F5D823 /* LaunchScreen.storyboard */; };
		924DE2C32393FE5400F5D823 /* UDSTestTests.swift in Sources */ = {isa = PBXBuildFile; fileRef = 924DE2C22393FE5400F5D823 /* UDSTestTests.swift */; };
		924DE2CE2393FE5400F5D823 /* UDSTestUITests.swift in Sources */ = {isa = PBXBuildFile; fileRef = 924DE2CD2393FE5400F5D823 /* UDSTestUITests.swift */; };
		924DE2DF239404A100F5D823 /* CustomTabBarController.swift in Sources */ = {isa = PBXBuildFile; fileRef = 924DE2DE239404A100F5D823 /* CustomTabBarController.swift */; };
		92D8F2102394563F0004B569 /* LoginViewController.swift in Sources */ = {isa = PBXBuildFile; fileRef = 92D8F20F2394563F0004B569 /* LoginViewController.swift */; };
		92D8F213239456820004B569 /* LoginViewModel.swift in Sources */ = {isa = PBXBuildFile; fileRef = 92D8F212239456820004B569 /* LoginViewModel.swift */; };
		92D8F2192394A6460004B569 /* ConfigurableDao.swift in Sources */ = {isa = PBXBuildFile; fileRef = 92D8F2182394A6460004B569 /* ConfigurableDao.swift */; };
		92D8F21B2394A6730004B569 /* CoreDao.swift in Sources */ = {isa = PBXBuildFile; fileRef = 92D8F21A2394A6730004B569 /* CoreDao.swift */; };
		92D8F21D2394A6A80004B569 /* CoreStack.swift in Sources */ = {isa = PBXBuildFile; fileRef = 92D8F21C2394A6A80004B569 /* CoreStack.swift */; };
		92D8F21F2394A6DF0004B569 /* NSManagedObject+Extension.swift in Sources */ = {isa = PBXBuildFile; fileRef = 92D8F21E2394A6DF0004B569 /* NSManagedObject+Extension.swift */; };
		92D8F22F2394AD460004B569 /* User+CoreDataProperties.swift in Sources */ = {isa = PBXBuildFile; fileRef = 92D8F22B2394AD460004B569 /* User+CoreDataProperties.swift */; };
		92D8F2302394AD460004B569 /* User+CoreDataClass.swift in Sources */ = {isa = PBXBuildFile; fileRef = 92D8F22C2394AD460004B569 /* User+CoreDataClass.swift */; };
		92D8F23223957B500004B569 /* GoogleService-Info.plist in Resources */ = {isa = PBXBuildFile; fileRef = 92D8F23123957B500004B569 /* GoogleService-Info.plist */; };
		92D8F2352395830F0004B569 /* Pauta+CoreDataClass.swift in Sources */ = {isa = PBXBuildFile; fileRef = 92D8F2332395830F0004B569 /* Pauta+CoreDataClass.swift */; };
		92D8F2362395830F0004B569 /* Pauta+CoreDataProperties.swift in Sources */ = {isa = PBXBuildFile; fileRef = 92D8F2342395830F0004B569 /* Pauta+CoreDataProperties.swift */; };
		92D8F23A239587F00004B569 /* FireAccess.swift in Sources */ = {isa = PBXBuildFile; fileRef = 92D8F239239587F00004B569 /* FireAccess.swift */; };
		92D8F23E2395928F0004B569 /* PautasAbertasViewController.swift in Sources */ = {isa = PBXBuildFile; fileRef = 92D8F23D2395928F0004B569 /* PautasAbertasViewController.swift */; };
		92D8F2402396A37D0004B569 /* LoginView.swift in Sources */ = {isa = PBXBuildFile; fileRef = 92D8F23F2396A37D0004B569 /* LoginView.swift */; };
		92D8F2432396A5570004B569 /* ConfigurableView.swift in Sources */ = {isa = PBXBuildFile; fileRef = 92D8F2422396A5570004B569 /* ConfigurableView.swift */; };
		92D8F2462396A6220004B569 /* UIView+Extension.swift in Sources */ = {isa = PBXBuildFile; fileRef = 92D8F2452396A6220004B569 /* UIView+Extension.swift */; };
		9484D91D55D3334773C0B940 /* Pods_UDSTest_UDSTestUITests.framework in Frameworks */ = {isa = PBXBuildFile; fileRef = 35A3D5458CA2B1D65AE14F51 /* Pods_UDSTest_UDSTestUITests.framework */; };
		FD9ADD837D0B49584C91899A /* Pods_UDSTest.framework in Frameworks */ = {isa = PBXBuildFile; fileRef = 9B1B86EE677F8488EA6EFBFD /* Pods_UDSTest.framework */; };
/* End PBXBuildFile section */

/* Begin PBXContainerItemProxy section */
		924DE2BF2393FE5400F5D823 /* PBXContainerItemProxy */ = {
			isa = PBXContainerItemProxy;
			containerPortal = 924DE29D2393FE5100F5D823 /* Project object */;
			proxyType = 1;
			remoteGlobalIDString = 924DE2A42393FE5100F5D823;
			remoteInfo = UDSTest;
		};
		924DE2CA2393FE5400F5D823 /* PBXContainerItemProxy */ = {
			isa = PBXContainerItemProxy;
			containerPortal = 924DE29D2393FE5100F5D823 /* Project object */;
			proxyType = 1;
			remoteGlobalIDString = 924DE2A42393FE5100F5D823;
			remoteInfo = UDSTest;
		};
/* End PBXContainerItemProxy section */

/* Begin PBXFileReference section */
		0AB25A322E15F0152D07D2E6 /* Pods-UDSTest.debug.xcconfig */ = {isa = PBXFileReference; includeInIndex = 1; lastKnownFileType = text.xcconfig; name = "Pods-UDSTest.debug.xcconfig"; path = "Target Support Files/Pods-UDSTest/Pods-UDSTest.debug.xcconfig"; sourceTree = "<group>"; };
		2C5673B16DAF4475C786B1DD /* Pods_UDSTestTests.framework */ = {isa = PBXFileReference; explicitFileType = wrapper.framework; includeInIndex = 0; path = Pods_UDSTestTests.framework; sourceTree = BUILT_PRODUCTS_DIR; };
		35A3D5458CA2B1D65AE14F51 /* Pods_UDSTest_UDSTestUITests.framework */ = {isa = PBXFileReference; explicitFileType = wrapper.framework; includeInIndex = 0; path = Pods_UDSTest_UDSTestUITests.framework; sourceTree = BUILT_PRODUCTS_DIR; };
		8416E1F3610A0D998BC11F7D /* Pods-UDSTestTests.debug.xcconfig */ = {isa = PBXFileReference; includeInIndex = 1; lastKnownFileType = text.xcconfig; name = "Pods-UDSTestTests.debug.xcconfig"; path = "Target Support Files/Pods-UDSTestTests/Pods-UDSTestTests.debug.xcconfig"; sourceTree = "<group>"; };
		924DE2A52393FE5100F5D823 /* UDSTest.app */ = {isa = PBXFileReference; explicitFileType = wrapper.application; includeInIndex = 0; path = UDSTest.app; sourceTree = BUILT_PRODUCTS_DIR; };
		924DE2A82393FE5100F5D823 /* AppDelegate.swift */ = {isa = PBXFileReference; lastKnownFileType = sourcecode.swift; path = AppDelegate.swift; sourceTree = "<group>"; };
		924DE2B22393FE5100F5D823 /* UDSTest.xcdatamodel */ = {isa = PBXFileReference; lastKnownFileType = wrapper.xcdatamodel; path = UDSTest.xcdatamodel; sourceTree = "<group>"; };
		924DE2B42393FE5300F5D823 /* Assets.xcassets */ = {isa = PBXFileReference; lastKnownFileType = folder.assetcatalog; path = Assets.xcassets; sourceTree = "<group>"; };
		924DE2B72393FE5300F5D823 /* Base */ = {isa = PBXFileReference; lastKnownFileType = file.storyboard; name = Base; path = Base.lproj/LaunchScreen.storyboard; sourceTree = "<group>"; };
		924DE2B92393FE5300F5D823 /* Info.plist */ = {isa = PBXFileReference; lastKnownFileType = text.plist.xml; path = Info.plist; sourceTree = "<group>"; };
		924DE2BE2393FE5400F5D823 /* UDSTestTests.xctest */ = {isa = PBXFileReference; explicitFileType = wrapper.cfbundle; includeInIndex = 0; path = UDSTestTests.xctest; sourceTree = BUILT_PRODUCTS_DIR; };
		924DE2C22393FE5400F5D823 /* UDSTestTests.swift */ = {isa = PBXFileReference; lastKnownFileType = sourcecode.swift; path = UDSTestTests.swift; sourceTree = "<group>"; };
		924DE2C42393FE5400F5D823 /* Info.plist */ = {isa = PBXFileReference; lastKnownFileType = text.plist.xml; path = Info.plist; sourceTree = "<group>"; };
		924DE2C92393FE5400F5D823 /* UDSTestUITests.xctest */ = {isa = PBXFileReference; explicitFileType = wrapper.cfbundle; includeInIndex = 0; path = UDSTestUITests.xctest; sourceTree = BUILT_PRODUCTS_DIR; };
		924DE2CD2393FE5400F5D823 /* UDSTestUITests.swift */ = {isa = PBXFileReference; lastKnownFileType = sourcecode.swift; path = UDSTestUITests.swift; sourceTree = "<group>"; };
		924DE2CF2393FE5400F5D823 /* Info.plist */ = {isa = PBXFileReference; lastKnownFileType = text.plist.xml; path = Info.plist; sourceTree = "<group>"; };
		924DE2DE239404A100F5D823 /* CustomTabBarController.swift */ = {isa = PBXFileReference; lastKnownFileType = sourcecode.swift; path = CustomTabBarController.swift; sourceTree = "<group>"; };
		92D8F20F2394563F0004B569 /* LoginViewController.swift */ = {isa = PBXFileReference; lastKnownFileType = sourcecode.swift; path = LoginViewController.swift; sourceTree = "<group>"; };
		92D8F212239456820004B569 /* LoginViewModel.swift */ = {isa = PBXFileReference; lastKnownFileType = sourcecode.swift; path = LoginViewModel.swift; sourceTree = "<group>"; };
		92D8F2182394A6460004B569 /* ConfigurableDao.swift */ = {isa = PBXFileReference; lastKnownFileType = sourcecode.swift; path = ConfigurableDao.swift; sourceTree = "<group>"; };
		92D8F21A2394A6730004B569 /* CoreDao.swift */ = {isa = PBXFileReference; lastKnownFileType = sourcecode.swift; path = CoreDao.swift; sourceTree = "<group>"; };
		92D8F21C2394A6A80004B569 /* CoreStack.swift */ = {isa = PBXFileReference; lastKnownFileType = sourcecode.swift; path = CoreStack.swift; sourceTree = "<group>"; };
		92D8F21E2394A6DF0004B569 /* NSManagedObject+Extension.swift */ = {isa = PBXFileReference; lastKnownFileType = sourcecode.swift; path = "NSManagedObject+Extension.swift"; sourceTree = "<group>"; };
		92D8F22B2394AD460004B569 /* User+CoreDataProperties.swift */ = {isa = PBXFileReference; fileEncoding = 4; lastKnownFileType = sourcecode.swift; path = "User+CoreDataProperties.swift"; sourceTree = "<group>"; };
		92D8F22C2394AD460004B569 /* User+CoreDataClass.swift */ = {isa = PBXFileReference; fileEncoding = 4; lastKnownFileType = sourcecode.swift; path = "User+CoreDataClass.swift"; sourceTree = "<group>"; };
		92D8F23123957B500004B569 /* GoogleService-Info.plist */ = {isa = PBXFileReference; fileEncoding = 4; lastKnownFileType = text.plist.xml; path = "GoogleService-Info.plist"; sourceTree = "<group>"; };
		92D8F2332395830F0004B569 /* Pauta+CoreDataClass.swift */ = {isa = PBXFileReference; fileEncoding = 4; lastKnownFileType = sourcecode.swift; path = "Pauta+CoreDataClass.swift"; sourceTree = "<group>"; };
		92D8F2342395830F0004B569 /* Pauta+CoreDataProperties.swift */ = {isa = PBXFileReference; fileEncoding = 4; lastKnownFileType = sourcecode.swift; path = "Pauta+CoreDataProperties.swift"; sourceTree = "<group>"; };
		92D8F239239587F00004B569 /* FireAccess.swift */ = {isa = PBXFileReference; lastKnownFileType = sourcecode.swift; path = FireAccess.swift; sourceTree = "<group>"; };
		92D8F23D2395928F0004B569 /* PautasAbertasViewController.swift */ = {isa = PBXFileReference; lastKnownFileType = sourcecode.swift; path = PautasAbertasViewController.swift; sourceTree = "<group>"; };
		92D8F23F2396A37D0004B569 /* LoginView.swift */ = {isa = PBXFileReference; lastKnownFileType = sourcecode.swift; path = LoginView.swift; sourceTree = "<group>"; };
		92D8F2422396A5570004B569 /* ConfigurableView.swift */ = {isa = PBXFileReference; lastKnownFileType = sourcecode.swift; path = ConfigurableView.swift; sourceTree = "<group>"; };
		92D8F2452396A6220004B569 /* UIView+Extension.swift */ = {isa = PBXFileReference; lastKnownFileType = sourcecode.swift; path = "UIView+Extension.swift"; sourceTree = "<group>"; };
		94FDD08858CA38CF08B0D954 /* Pods-UDSTestTests.release.xcconfig */ = {isa = PBXFileReference; includeInIndex = 1; lastKnownFileType = text.xcconfig; name = "Pods-UDSTestTests.release.xcconfig"; path = "Target Support Files/Pods-UDSTestTests/Pods-UDSTestTests.release.xcconfig"; sourceTree = "<group>"; };
		9B1B86EE677F8488EA6EFBFD /* Pods_UDSTest.framework */ = {isa = PBXFileReference; explicitFileType = wrapper.framework; includeInIndex = 0; path = Pods_UDSTest.framework; sourceTree = BUILT_PRODUCTS_DIR; };
		C1E6953B54371F7D6806B596 /* Pods-UDSTest-UDSTestUITests.debug.xcconfig */ = {isa = PBXFileReference; includeInIndex = 1; lastKnownFileType = text.xcconfig; name = "Pods-UDSTest-UDSTestUITests.debug.xcconfig"; path = "Target Support Files/Pods-UDSTest-UDSTestUITests/Pods-UDSTest-UDSTestUITests.debug.xcconfig"; sourceTree = "<group>"; };
		D2B19CB747CF09D8E425801B /* Pods-UDSTest.release.xcconfig */ = {isa = PBXFileReference; includeInIndex = 1; lastKnownFileType = text.xcconfig; name = "Pods-UDSTest.release.xcconfig"; path = "Target Support Files/Pods-UDSTest/Pods-UDSTest.release.xcconfig"; sourceTree = "<group>"; };
		FB9AA198B7D77308FC710AE5 /* Pods-UDSTest-UDSTestUITests.release.xcconfig */ = {isa = PBXFileReference; includeInIndex = 1; lastKnownFileType = text.xcconfig; name = "Pods-UDSTest-UDSTestUITests.release.xcconfig"; path = "Target Support Files/Pods-UDSTest-UDSTestUITests/Pods-UDSTest-UDSTestUITests.release.xcconfig"; sourceTree = "<group>"; };
/* End PBXFileReference section */

/* Begin PBXFrameworksBuildPhase section */
		924DE2A22393FE5100F5D823 /* Frameworks */ = {
			isa = PBXFrameworksBuildPhase;
			buildActionMask = 2147483647;
			files = (
				FD9ADD837D0B49584C91899A /* Pods_UDSTest.framework in Frameworks */,
			);
			runOnlyForDeploymentPostprocessing = 0;
		};
		924DE2BB2393FE5400F5D823 /* Frameworks */ = {
			isa = PBXFrameworksBuildPhase;
			buildActionMask = 2147483647;
			files = (
				6CBAF1D1677E269D32232804 /* Pods_UDSTestTests.framework in Frameworks */,
			);
			runOnlyForDeploymentPostprocessing = 0;
		};
		924DE2C62393FE5400F5D823 /* Frameworks */ = {
			isa = PBXFrameworksBuildPhase;
			buildActionMask = 2147483647;
			files = (
				9484D91D55D3334773C0B940 /* Pods_UDSTest_UDSTestUITests.framework in Frameworks */,
			);
			runOnlyForDeploymentPostprocessing = 0;
		};
/* End PBXFrameworksBuildPhase section */

/* Begin PBXGroup section */
		7819D9E4192BE0E32D708510 /* Pods */ = {
			isa = PBXGroup;
			children = (
				0AB25A322E15F0152D07D2E6 /* Pods-UDSTest.debug.xcconfig */,
				D2B19CB747CF09D8E425801B /* Pods-UDSTest.release.xcconfig */,
				C1E6953B54371F7D6806B596 /* Pods-UDSTest-UDSTestUITests.debug.xcconfig */,
				FB9AA198B7D77308FC710AE5 /* Pods-UDSTest-UDSTestUITests.release.xcconfig */,
				8416E1F3610A0D998BC11F7D /* Pods-UDSTestTests.debug.xcconfig */,
				94FDD08858CA38CF08B0D954 /* Pods-UDSTestTests.release.xcconfig */,
			);
			path = Pods;
			sourceTree = "<group>";
		};
		924DE29C2393FE5100F5D823 = {
			isa = PBXGroup;
			children = (
				924DE2A72393FE5100F5D823 /* UDSTest */,
				924DE2C12393FE5400F5D823 /* UDSTestTests */,
				924DE2CC2393FE5400F5D823 /* UDSTestUITests */,
				924DE2A62393FE5100F5D823 /* Products */,
				7819D9E4192BE0E32D708510 /* Pods */,
				9F6B8FEA74D7A3FB73C28D74 /* Frameworks */,
			);
			sourceTree = "<group>";
		};
		924DE2A62393FE5100F5D823 /* Products */ = {
			isa = PBXGroup;
			children = (
				924DE2A52393FE5100F5D823 /* UDSTest.app */,
				924DE2BE2393FE5400F5D823 /* UDSTestTests.xctest */,
				924DE2C92393FE5400F5D823 /* UDSTestUITests.xctest */,
			);
			name = Products;
			sourceTree = "<group>";
		};
		924DE2A72393FE5100F5D823 /* UDSTest */ = {
			isa = PBXGroup;
			children = (
				92D8F237239587AC0004B569 /* Helpers */,
				924DE2DB239401CF00F5D823 /* App */,
				924DE2B42393FE5300F5D823 /* Assets.xcassets */,
				924DE2B62393FE5300F5D823 /* LaunchScreen.storyboard */,
				924DE2B92393FE5300F5D823 /* Info.plist */,
				92D8F23123957B500004B569 /* GoogleService-Info.plist */,
			);
			path = UDSTest;
			sourceTree = "<group>";
		};
		924DE2C12393FE5400F5D823 /* UDSTestTests */ = {
			isa = PBXGroup;
			children = (
				924DE2C22393FE5400F5D823 /* UDSTestTests.swift */,
				924DE2C42393FE5400F5D823 /* Info.plist */,
			);
			path = UDSTestTests;
			sourceTree = "<group>";
		};
		924DE2CC2393FE5400F5D823 /* UDSTestUITests */ = {
			isa = PBXGroup;
			children = (
				924DE2CD2393FE5400F5D823 /* UDSTestUITests.swift */,
				924DE2CF2393FE5400F5D823 /* Info.plist */,
			);
			path = UDSTestUITests;
			sourceTree = "<group>";
		};
		924DE2DB239401CF00F5D823 /* App */ = {
			isa = PBXGroup;
			children = (
				924DE2DC239401D800F5D823 /* Coordinator */,
				924DE2DD239401E800F5D823 /* Features */,
			);
			path = App;
			sourceTree = "<group>";
		};
		924DE2DC239401D800F5D823 /* Coordinator */ = {
			isa = PBXGroup;
			children = (
				924DE2A82393FE5100F5D823 /* AppDelegate.swift */,
				924DE2DE239404A100F5D823 /* CustomTabBarController.swift */,
			);
			path = Coordinator;
			sourceTree = "<group>";
		};
		924DE2DD239401E800F5D823 /* Features */ = {
			isa = PBXGroup;
			children = (
				92D8F23B239592580004B569 /* PautasAbertas */,
				92D8F20D239456010004B569 /* Login */,
			);
			path = Features;
			sourceTree = "<group>";
		};
		92D8F20D239456010004B569 /* Login */ = {
			isa = PBXGroup;
			children = (
				92D8F211239456640004B569 /* ViewModel */,
				92D8F20E2394560B0004B569 /* View */,
			);
			path = Login;
			sourceTree = "<group>";
		};
		92D8F20E2394560B0004B569 /* View */ = {
			isa = PBXGroup;
			children = (
				92D8F20F2394563F0004B569 /* LoginViewController.swift */,
				92D8F23F2396A37D0004B569 /* LoginView.swift */,
			);
			path = View;
			sourceTree = "<group>";
		};
		92D8F211239456640004B569 /* ViewModel */ = {
			isa = PBXGroup;
			children = (
				92D8F212239456820004B569 /* LoginViewModel.swift */,
			);
			path = ViewModel;
			sourceTree = "<group>";
		};
		92D8F2162394A5EB0004B569 /* Persistence */ = {
			isa = PBXGroup;
			children = (
				92D8F2202394A7830004B569 /* DataModel */,
				92D8F2172394A61D0004B569 /* CoreDao */,
			);
			path = Persistence;
			sourceTree = "<group>";
		};
		92D8F2172394A61D0004B569 /* CoreDao */ = {
			isa = PBXGroup;
			children = (
				92D8F2182394A6460004B569 /* ConfigurableDao.swift */,
				92D8F21A2394A6730004B569 /* CoreDao.swift */,
				92D8F21C2394A6A80004B569 /* CoreStack.swift */,
				92D8F21E2394A6DF0004B569 /* NSManagedObject+Extension.swift */,
			);
			path = CoreDao;
			sourceTree = "<group>";
		};
		92D8F2202394A7830004B569 /* DataModel */ = {
			isa = PBXGroup;
			children = (
				924DE2B12393FE5100F5D823 /* UDSTest.xcdatamodeld */,
				92D8F22C2394AD460004B569 /* User+CoreDataClass.swift */,
				92D8F22B2394AD460004B569 /* User+CoreDataProperties.swift */,
				92D8F2332395830F0004B569 /* Pauta+CoreDataClass.swift */,
				92D8F2342395830F0004B569 /* Pauta+CoreDataProperties.swift */,
			);
			path = DataModel;
			sourceTree = "<group>";
		};
		92D8F237239587AC0004B569 /* Helpers */ = {
			isa = PBXGroup;
			children = (
				92D8F247239710220004B569 /* CustomViews */,
				92D8F2442396A60A0004B569 /* Extensions */,
				92D8F2412396A5460004B569 /* Protocol */,
				92D8F238239587B90004B569 /* Firebase */,
				92D8F2162394A5EB0004B569 /* Persistence */,
			);
			path = Helpers;
			sourceTree = "<group>";
		};
		92D8F238239587B90004B569 /* Firebase */ = {
			isa = PBXGroup;
			children = (
				92D8F239239587F00004B569 /* FireAccess.swift */,
			);
			path = Firebase;
			sourceTree = "<group>";
		};
		92D8F23B239592580004B569 /* PautasAbertas */ = {
			isa = PBXGroup;
			children = (
				92D8F23C239592700004B569 /* View */,
			);
			path = PautasAbertas;
			sourceTree = "<group>";
		};
		92D8F23C239592700004B569 /* View */ = {
			isa = PBXGroup;
			children = (
				92D8F23D2395928F0004B569 /* PautasAbertasViewController.swift */,
			);
			path = View;
			sourceTree = "<group>";
		};
		92D8F2412396A5460004B569 /* Protocol */ = {
			isa = PBXGroup;
			children = (
				92D8F2422396A5570004B569 /* ConfigurableView.swift */,
			);
			path = Protocol;
			sourceTree = "<group>";
		};
		92D8F2442396A60A0004B569 /* Extensions */ = {
			isa = PBXGroup;
			children = (
				92D8F2452396A6220004B569 /* UIView+Extension.swift */,
			);
			path = Extensions;
			sourceTree = "<group>";
		};
		92D8F247239710220004B569 /* CustomViews */ = {
			isa = PBXGroup;
			children = (
			);
			path = CustomViews;
			sourceTree = "<group>";
		};
		9F6B8FEA74D7A3FB73C28D74 /* Frameworks */ = {
			isa = PBXGroup;
			children = (
				9B1B86EE677F8488EA6EFBFD /* Pods_UDSTest.framework */,
				35A3D5458CA2B1D65AE14F51 /* Pods_UDSTest_UDSTestUITests.framework */,
				2C5673B16DAF4475C786B1DD /* Pods_UDSTestTests.framework */,
			);
			name = Frameworks;
			sourceTree = "<group>";
		};
/* End PBXGroup section */

/* Begin PBXNativeTarget section */
		924DE2A42393FE5100F5D823 /* UDSTest */ = {
			isa = PBXNativeTarget;
			buildConfigurationList = 924DE2D22393FE5400F5D823 /* Build configuration list for PBXNativeTarget "UDSTest" */;
			buildPhases = (
				7FD20CA51D6CC4FD9DC68D19 /* [CP] Check Pods Manifest.lock */,
				924DE2A12393FE5100F5D823 /* Sources */,
				924DE2A22393FE5100F5D823 /* Frameworks */,
				924DE2A32393FE5100F5D823 /* Resources */,
				5EE3ED67BD2FEB10A566867B /* [CP] Embed Pods Frameworks */,
			);
			buildRules = (
			);
			dependencies = (
			);
			name = UDSTest;
			productName = UDSTest;
			productReference = 924DE2A52393FE5100F5D823 /* UDSTest.app */;
			productType = "com.apple.product-type.application";
		};
		924DE2BD2393FE5400F5D823 /* UDSTestTests */ = {
			isa = PBXNativeTarget;
			buildConfigurationList = 924DE2D52393FE5400F5D823 /* Build configuration list for PBXNativeTarget "UDSTestTests" */;
			buildPhases = (
				BAA742A4123BCB21DB7D7A5C /* [CP] Check Pods Manifest.lock */,
				924DE2BA2393FE5400F5D823 /* Sources */,
				924DE2BB2393FE5400F5D823 /* Frameworks */,
				924DE2BC2393FE5400F5D823 /* Resources */,
			);
			buildRules = (
			);
			dependencies = (
				924DE2C02393FE5400F5D823 /* PBXTargetDependency */,
			);
			name = UDSTestTests;
			productName = UDSTestTests;
			productReference = 924DE2BE2393FE5400F5D823 /* UDSTestTests.xctest */;
			productType = "com.apple.product-type.bundle.unit-test";
		};
		924DE2C82393FE5400F5D823 /* UDSTestUITests */ = {
			isa = PBXNativeTarget;
			buildConfigurationList = 924DE2D82393FE5400F5D823 /* Build configuration list for PBXNativeTarget "UDSTestUITests" */;
			buildPhases = (
				314136DDDF1ED68FD7B81C99 /* [CP] Check Pods Manifest.lock */,
				924DE2C52393FE5400F5D823 /* Sources */,
				924DE2C62393FE5400F5D823 /* Frameworks */,
				924DE2C72393FE5400F5D823 /* Resources */,
				E0A16EC41FBE01CA7FB4F4A5 /* [CP] Embed Pods Frameworks */,
			);
			buildRules = (
			);
			dependencies = (
				924DE2CB2393FE5400F5D823 /* PBXTargetDependency */,
			);
			name = UDSTestUITests;
			productName = UDSTestUITests;
			productReference = 924DE2C92393FE5400F5D823 /* UDSTestUITests.xctest */;
			productType = "com.apple.product-type.bundle.ui-testing";
		};
/* End PBXNativeTarget section */

/* Begin PBXProject section */
		924DE29D2393FE5100F5D823 /* Project object */ = {
			isa = PBXProject;
			attributes = {
				LastSwiftUpdateCheck = 1120;
				LastUpgradeCheck = 1120;
				ORGANIZATIONNAME = "Alan Victor Paulino de Oliveira";
				TargetAttributes = {
					924DE2A42393FE5100F5D823 = {
						CreatedOnToolsVersion = 11.2.1;
					};
					924DE2BD2393FE5400F5D823 = {
						CreatedOnToolsVersion = 11.2.1;
						TestTargetID = 924DE2A42393FE5100F5D823;
					};
					924DE2C82393FE5400F5D823 = {
						CreatedOnToolsVersion = 11.2.1;
						TestTargetID = 924DE2A42393FE5100F5D823;
					};
				};
			};
			buildConfigurationList = 924DE2A02393FE5100F5D823 /* Build configuration list for PBXProject "UDSTest" */;
			compatibilityVersion = "Xcode 9.3";
			developmentRegion = en;
			hasScannedForEncodings = 0;
			knownRegions = (
				en,
				Base,
			);
			mainGroup = 924DE29C2393FE5100F5D823;
			productRefGroup = 924DE2A62393FE5100F5D823 /* Products */;
			projectDirPath = "";
			projectRoot = "";
			targets = (
				924DE2A42393FE5100F5D823 /* UDSTest */,
				924DE2BD2393FE5400F5D823 /* UDSTestTests */,
				924DE2C82393FE5400F5D823 /* UDSTestUITests */,
			);
		};
/* End PBXProject section */

/* Begin PBXResourcesBuildPhase section */
		924DE2A32393FE5100F5D823 /* Resources */ = {
			isa = PBXResourcesBuildPhase;
			buildActionMask = 2147483647;
			files = (
				924DE2B82393FE5300F5D823 /* LaunchScreen.storyboard in Resources */,
				924DE2B52393FE5300F5D823 /* Assets.xcassets in Resources */,
				92D8F23223957B500004B569 /* GoogleService-Info.plist in Resources */,
			);
			runOnlyForDeploymentPostprocessing = 0;
		};
		924DE2BC2393FE5400F5D823 /* Resources */ = {
			isa = PBXResourcesBuildPhase;
			buildActionMask = 2147483647;
			files = (
			);
			runOnlyForDeploymentPostprocessing = 0;
		};
		924DE2C72393FE5400F5D823 /* Resources */ = {
			isa = PBXResourcesBuildPhase;
			buildActionMask = 2147483647;
			files = (
			);
			runOnlyForDeploymentPostprocessing = 0;
		};
/* End PBXResourcesBuildPhase section */

/* Begin PBXShellScriptBuildPhase section */
		314136DDDF1ED68FD7B81C99 /* [CP] Check Pods Manifest.lock */ = {
			isa = PBXShellScriptBuildPhase;
			buildActionMask = 2147483647;
			files = (
			);
			inputFileListPaths = (
			);
			inputPaths = (
				"${PODS_PODFILE_DIR_PATH}/Podfile.lock",
				"${PODS_ROOT}/Manifest.lock",
			);
			name = "[CP] Check Pods Manifest.lock";
			outputFileListPaths = (
			);
			outputPaths = (
				"$(DERIVED_FILE_DIR)/Pods-UDSTest-UDSTestUITests-checkManifestLockResult.txt",
			);
			runOnlyForDeploymentPostprocessing = 0;
			shellPath = /bin/sh;
			shellScript = "diff \"${PODS_PODFILE_DIR_PATH}/Podfile.lock\" \"${PODS_ROOT}/Manifest.lock\" > /dev/null\nif [ $? != 0 ] ; then\n    # print error to STDERR\n    echo \"error: The sandbox is not in sync with the Podfile.lock. Run 'pod install' or update your CocoaPods installation.\" >&2\n    exit 1\nfi\n# This output is used by Xcode 'outputs' to avoid re-running this script phase.\necho \"SUCCESS\" > \"${SCRIPT_OUTPUT_FILE_0}\"\n";
			showEnvVarsInLog = 0;
		};
		5EE3ED67BD2FEB10A566867B /* [CP] Embed Pods Frameworks */ = {
			isa = PBXShellScriptBuildPhase;
			buildActionMask = 2147483647;
			files = (
			);
			inputFileListPaths = (
				"${PODS_ROOT}/Target Support Files/Pods-UDSTest/Pods-UDSTest-frameworks-${CONFIGURATION}-input-files.xcfilelist",
			);
			name = "[CP] Embed Pods Frameworks";
			outputFileListPaths = (
				"${PODS_ROOT}/Target Support Files/Pods-UDSTest/Pods-UDSTest-frameworks-${CONFIGURATION}-output-files.xcfilelist",
			);
			runOnlyForDeploymentPostprocessing = 0;
			shellPath = /bin/sh;
			shellScript = "\"${PODS_ROOT}/Target Support Files/Pods-UDSTest/Pods-UDSTest-frameworks.sh\"\n";
			showEnvVarsInLog = 0;
		};
		7FD20CA51D6CC4FD9DC68D19 /* [CP] Check Pods Manifest.lock */ = {
			isa = PBXShellScriptBuildPhase;
			buildActionMask = 2147483647;
			files = (
			);
			inputFileListPaths = (
			);
			inputPaths = (
				"${PODS_PODFILE_DIR_PATH}/Podfile.lock",
				"${PODS_ROOT}/Manifest.lock",
			);
			name = "[CP] Check Pods Manifest.lock";
			outputFileListPaths = (
			);
			outputPaths = (
				"$(DERIVED_FILE_DIR)/Pods-UDSTest-checkManifestLockResult.txt",
			);
			runOnlyForDeploymentPostprocessing = 0;
			shellPath = /bin/sh;
			shellScript = "diff \"${PODS_PODFILE_DIR_PATH}/Podfile.lock\" \"${PODS_ROOT}/Manifest.lock\" > /dev/null\nif [ $? != 0 ] ; then\n    # print error to STDERR\n    echo \"error: The sandbox is not in sync with the Podfile.lock. Run 'pod install' or update your CocoaPods installation.\" >&2\n    exit 1\nfi\n# This output is used by Xcode 'outputs' to avoid re-running this script phase.\necho \"SUCCESS\" > \"${SCRIPT_OUTPUT_FILE_0}\"\n";
			showEnvVarsInLog = 0;
		};
		BAA742A4123BCB21DB7D7A5C /* [CP] Check Pods Manifest.lock */ = {
			isa = PBXShellScriptBuildPhase;
			buildActionMask = 2147483647;
			files = (
			);
			inputFileListPaths = (
			);
			inputPaths = (
				"${PODS_PODFILE_DIR_PATH}/Podfile.lock",
				"${PODS_ROOT}/Manifest.lock",
			);
			name = "[CP] Check Pods Manifest.lock";
			outputFileListPaths = (
			);
			outputPaths = (
				"$(DERIVED_FILE_DIR)/Pods-UDSTestTests-checkManifestLockResult.txt",
			);
			runOnlyForDeploymentPostprocessing = 0;
			shellPath = /bin/sh;
			shellScript = "diff \"${PODS_PODFILE_DIR_PATH}/Podfile.lock\" \"${PODS_ROOT}/Manifest.lock\" > /dev/null\nif [ $? != 0 ] ; then\n    # print error to STDERR\n    echo \"error: The sandbox is not in sync with the Podfile.lock. Run 'pod install' or update your CocoaPods installation.\" >&2\n    exit 1\nfi\n# This output is used by Xcode 'outputs' to avoid re-running this script phase.\necho \"SUCCESS\" > \"${SCRIPT_OUTPUT_FILE_0}\"\n";
			showEnvVarsInLog = 0;
		};
		E0A16EC41FBE01CA7FB4F4A5 /* [CP] Embed Pods Frameworks */ = {
			isa = PBXShellScriptBuildPhase;
			buildActionMask = 2147483647;
			files = (
			);
			inputFileListPaths = (
				"${PODS_ROOT}/Target Support Files/Pods-UDSTest-UDSTestUITests/Pods-UDSTest-UDSTestUITests-frameworks-${CONFIGURATION}-input-files.xcfilelist",
			);
			name = "[CP] Embed Pods Frameworks";
			outputFileListPaths = (
				"${PODS_ROOT}/Target Support Files/Pods-UDSTest-UDSTestUITests/Pods-UDSTest-UDSTestUITests-frameworks-${CONFIGURATION}-output-files.xcfilelist",
			);
			runOnlyForDeploymentPostprocessing = 0;
			shellPath = /bin/sh;
			shellScript = "\"${PODS_ROOT}/Target Support Files/Pods-UDSTest-UDSTestUITests/Pods-UDSTest-UDSTestUITests-frameworks.sh\"\n";
			showEnvVarsInLog = 0;
		};
/* End PBXShellScriptBuildPhase section */

/* Begin PBXSourcesBuildPhase section */
		924DE2A12393FE5100F5D823 /* Sources */ = {
			isa = PBXSourcesBuildPhase;
			buildActionMask = 2147483647;
			files = (
				92D8F21F2394A6DF0004B569 /* NSManagedObject+Extension.swift in Sources */,
				92D8F2102394563F0004B569 /* LoginViewController.swift in Sources */,
				92D8F22F2394AD460004B569 /* User+CoreDataProperties.swift in Sources */,
				92D8F2302394AD460004B569 /* User+CoreDataClass.swift in Sources */,
				92D8F21D2394A6A80004B569 /* CoreStack.swift in Sources */,
				92D8F21B2394A6730004B569 /* CoreDao.swift in Sources */,
				924DE2B32393FE5100F5D823 /* UDSTest.xcdatamodeld in Sources */,
				92D8F2352395830F0004B569 /* Pauta+CoreDataClass.swift in Sources */,
				924DE2DF239404A100F5D823 /* CustomTabBarController.swift in Sources */,
				92D8F2192394A6460004B569 /* ConfigurableDao.swift in Sources */,
				92D8F23E2395928F0004B569 /* PautasAbertasViewController.swift in Sources */,
				924DE2A92393FE5100F5D823 /* AppDelegate.swift in Sources */,
				92D8F2462396A6220004B569 /* UIView+Extension.swift in Sources */,
				92D8F213239456820004B569 /* LoginViewModel.swift in Sources */,
				92D8F2432396A5570004B569 /* ConfigurableView.swift in Sources */,
				92D8F2362395830F0004B569 /* Pauta+CoreDataProperties.swift in Sources */,
				92D8F2402396A37D0004B569 /* LoginView.swift in Sources */,
				92D8F23A239587F00004B569 /* FireAccess.swift in Sources */,
			);
			runOnlyForDeploymentPostprocessing = 0;
		};
		924DE2BA2393FE5400F5D823 /* Sources */ = {
			isa = PBXSourcesBuildPhase;
			buildActionMask = 2147483647;
			files = (
				924DE2C32393FE5400F5D823 /* UDSTestTests.swift in Sources */,
			);
			runOnlyForDeploymentPostprocessing = 0;
		};
		924DE2C52393FE5400F5D823 /* Sources */ = {
			isa = PBXSourcesBuildPhase;
			buildActionMask = 2147483647;
			files = (
				924DE2CE2393FE5400F5D823 /* UDSTestUITests.swift in Sources */,
			);
			runOnlyForDeploymentPostprocessing = 0;
		};
/* End PBXSourcesBuildPhase section */

/* Begin PBXTargetDependency section */
		924DE2C02393FE5400F5D823 /* PBXTargetDependency */ = {
			isa = PBXTargetDependency;
			target = 924DE2A42393FE5100F5D823 /* UDSTest */;
			targetProxy = 924DE2BF2393FE5400F5D823 /* PBXContainerItemProxy */;
		};
		924DE2CB2393FE5400F5D823 /* PBXTargetDependency */ = {
			isa = PBXTargetDependency;
			target = 924DE2A42393FE5100F5D823 /* UDSTest */;
			targetProxy = 924DE2CA2393FE5400F5D823 /* PBXContainerItemProxy */;
		};
/* End PBXTargetDependency section */

/* Begin PBXVariantGroup section */
		924DE2B62393FE5300F5D823 /* LaunchScreen.storyboard */ = {
			isa = PBXVariantGroup;
			children = (
				924DE2B72393FE5300F5D823 /* Base */,
			);
			name = LaunchScreen.storyboard;
			sourceTree = "<group>";
		};
/* End PBXVariantGroup section */

/* Begin XCBuildConfiguration section */
		924DE2D02393FE5400F5D823 /* Debug */ = {
			isa = XCBuildConfiguration;
			buildSettings = {
				ALWAYS_SEARCH_USER_PATHS = NO;
				CLANG_ANALYZER_NONNULL = YES;
				CLANG_ANALYZER_NUMBER_OBJECT_CONVERSION = YES_AGGRESSIVE;
				CLANG_CXX_LANGUAGE_STANDARD = "gnu++14";
				CLANG_CXX_LIBRARY = "libc++";
				CLANG_ENABLE_MODULES = YES;
				CLANG_ENABLE_OBJC_ARC = YES;
				CLANG_ENABLE_OBJC_WEAK = YES;
				CLANG_WARN_BLOCK_CAPTURE_AUTORELEASING = YES;
				CLANG_WARN_BOOL_CONVERSION = YES;
				CLANG_WARN_COMMA = YES;
				CLANG_WARN_CONSTANT_CONVERSION = YES;
				CLANG_WARN_DEPRECATED_OBJC_IMPLEMENTATIONS = YES;
				CLANG_WARN_DIRECT_OBJC_ISA_USAGE = YES_ERROR;
				CLANG_WARN_DOCUMENTATION_COMMENTS = YES;
				CLANG_WARN_EMPTY_BODY = YES;
				CLANG_WARN_ENUM_CONVERSION = YES;
				CLANG_WARN_INFINITE_RECURSION = YES;
				CLANG_WARN_INT_CONVERSION = YES;
				CLANG_WARN_NON_LITERAL_NULL_CONVERSION = YES;
				CLANG_WARN_OBJC_IMPLICIT_RETAIN_SELF = YES;
				CLANG_WARN_OBJC_LITERAL_CONVERSION = YES;
				CLANG_WARN_OBJC_ROOT_CLASS = YES_ERROR;
				CLANG_WARN_RANGE_LOOP_ANALYSIS = YES;
				CLANG_WARN_STRICT_PROTOTYPES = YES;
				CLANG_WARN_SUSPICIOUS_MOVE = YES;
				CLANG_WARN_UNGUARDED_AVAILABILITY = YES_AGGRESSIVE;
				CLANG_WARN_UNREACHABLE_CODE = YES;
				CLANG_WARN__DUPLICATE_METHOD_MATCH = YES;
				COPY_PHASE_STRIP = NO;
				DEBUG_INFORMATION_FORMAT = dwarf;
				ENABLE_STRICT_OBJC_MSGSEND = YES;
				ENABLE_TESTABILITY = YES;
				GCC_C_LANGUAGE_STANDARD = gnu11;
				GCC_DYNAMIC_NO_PIC = NO;
				GCC_NO_COMMON_BLOCKS = YES;
				GCC_OPTIMIZATION_LEVEL = 0;
				GCC_PREPROCESSOR_DEFINITIONS = (
					"DEBUG=1",
					"$(inherited)",
				);
				GCC_WARN_64_TO_32_BIT_CONVERSION = YES;
				GCC_WARN_ABOUT_RETURN_TYPE = YES_ERROR;
				GCC_WARN_UNDECLARED_SELECTOR = YES;
				GCC_WARN_UNINITIALIZED_AUTOS = YES_AGGRESSIVE;
				GCC_WARN_UNUSED_FUNCTION = YES;
				GCC_WARN_UNUSED_VARIABLE = YES;
				IPHONEOS_DEPLOYMENT_TARGET = 13.2;
				MTL_ENABLE_DEBUG_INFO = INCLUDE_SOURCE;
				MTL_FAST_MATH = YES;
				ONLY_ACTIVE_ARCH = YES;
				SDKROOT = iphoneos;
				SWIFT_ACTIVE_COMPILATION_CONDITIONS = DEBUG;
				SWIFT_OPTIMIZATION_LEVEL = "-Onone";
			};
			name = Debug;
		};
		924DE2D12393FE5400F5D823 /* Release */ = {
			isa = XCBuildConfiguration;
			buildSettings = {
				ALWAYS_SEARCH_USER_PATHS = NO;
				CLANG_ANALYZER_NONNULL = YES;
				CLANG_ANALYZER_NUMBER_OBJECT_CONVERSION = YES_AGGRESSIVE;
				CLANG_CXX_LANGUAGE_STANDARD = "gnu++14";
				CLANG_CXX_LIBRARY = "libc++";
				CLANG_ENABLE_MODULES = YES;
				CLANG_ENABLE_OBJC_ARC = YES;
				CLANG_ENABLE_OBJC_WEAK = YES;
				CLANG_WARN_BLOCK_CAPTURE_AUTORELEASING = YES;
				CLANG_WARN_BOOL_CONVERSION = YES;
				CLANG_WARN_COMMA = YES;
				CLANG_WARN_CONSTANT_CONVERSION = YES;
				CLANG_WARN_DEPRECATED_OBJC_IMPLEMENTATIONS = YES;
				CLANG_WARN_DIRECT_OBJC_ISA_USAGE = YES_ERROR;
				CLANG_WARN_DOCUMENTATION_COMMENTS = YES;
				CLANG_WARN_EMPTY_BODY = YES;
				CLANG_WARN_ENUM_CONVERSION = YES;
				CLANG_WARN_INFINITE_RECURSION = YES;
				CLANG_WARN_INT_CONVERSION = YES;
				CLANG_WARN_NON_LITERAL_NULL_CONVERSION = YES;
				CLANG_WARN_OBJC_IMPLICIT_RETAIN_SELF = YES;
				CLANG_WARN_OBJC_LITERAL_CONVERSION = YES;
				CLANG_WARN_OBJC_ROOT_CLASS = YES_ERROR;
				CLANG_WARN_RANGE_LOOP_ANALYSIS = YES;
				CLANG_WARN_STRICT_PROTOTYPES = YES;
				CLANG_WARN_SUSPICIOUS_MOVE = YES;
				CLANG_WARN_UNGUARDED_AVAILABILITY = YES_AGGRESSIVE;
				CLANG_WARN_UNREACHABLE_CODE = YES;
				CLANG_WARN__DUPLICATE_METHOD_MATCH = YES;
				COPY_PHASE_STRIP = NO;
				DEBUG_INFORMATION_FORMAT = "dwarf-with-dsym";
				ENABLE_NS_ASSERTIONS = NO;
				ENABLE_STRICT_OBJC_MSGSEND = YES;
				GCC_C_LANGUAGE_STANDARD = gnu11;
				GCC_NO_COMMON_BLOCKS = YES;
				GCC_WARN_64_TO_32_BIT_CONVERSION = YES;
				GCC_WARN_ABOUT_RETURN_TYPE = YES_ERROR;
				GCC_WARN_UNDECLARED_SELECTOR = YES;
				GCC_WARN_UNINITIALIZED_AUTOS = YES_AGGRESSIVE;
				GCC_WARN_UNUSED_FUNCTION = YES;
				GCC_WARN_UNUSED_VARIABLE = YES;
				IPHONEOS_DEPLOYMENT_TARGET = 13.2;
				MTL_ENABLE_DEBUG_INFO = NO;
				MTL_FAST_MATH = YES;
				SDKROOT = iphoneos;
				SWIFT_COMPILATION_MODE = wholemodule;
				SWIFT_OPTIMIZATION_LEVEL = "-O";
				VALIDATE_PRODUCT = YES;
			};
			name = Release;
		};
		924DE2D32393FE5400F5D823 /* Debug */ = {
			isa = XCBuildConfiguration;
			baseConfigurationReference = 0AB25A322E15F0152D07D2E6 /* Pods-UDSTest.debug.xcconfig */;
			buildSettings = {
				ASSETCATALOG_COMPILER_APPICON_NAME = AppIcon;
				CODE_SIGN_STYLE = Automatic;
				DEVELOPMENT_TEAM = NM36QJ4P82;
				INFOPLIST_FILE = UDSTest/Info.plist;
				LD_RUNPATH_SEARCH_PATHS = (
					"$(inherited)",
					"@executable_path/Frameworks",
				);
				PRODUCT_BUNDLE_IDENTIFIER = alanvictor.UDSTest;
				PRODUCT_NAME = "$(TARGET_NAME)";
				SWIFT_VERSION = 5.0;
				TARGETED_DEVICE_FAMILY = "1,2";
			};
			name = Debug;
		};
		924DE2D42393FE5400F5D823 /* Release */ = {
			isa = XCBuildConfiguration;
			baseConfigurationReference = D2B19CB747CF09D8E425801B /* Pods-UDSTest.release.xcconfig */;
			buildSettings = {
				ASSETCATALOG_COMPILER_APPICON_NAME = AppIcon;
				CODE_SIGN_STYLE = Automatic;
				DEVELOPMENT_TEAM = NM36QJ4P82;
				INFOPLIST_FILE = UDSTest/Info.plist;
				LD_RUNPATH_SEARCH_PATHS = (
					"$(inherited)",
					"@executable_path/Frameworks",
				);
				PRODUCT_BUNDLE_IDENTIFIER = alanvictor.UDSTest;
				PRODUCT_NAME = "$(TARGET_NAME)";
				SWIFT_VERSION = 5.0;
				TARGETED_DEVICE_FAMILY = "1,2";
			};
			name = Release;
		};
		924DE2D62393FE5400F5D823 /* Debug */ = {
			isa = XCBuildConfiguration;
			baseConfigurationReference = 8416E1F3610A0D998BC11F7D /* Pods-UDSTestTests.debug.xcconfig */;
			buildSettings = {
				ALWAYS_EMBED_SWIFT_STANDARD_LIBRARIES = YES;
				BUNDLE_LOADER = "$(TEST_HOST)";
				CODE_SIGN_STYLE = Automatic;
				DEVELOPMENT_TEAM = NM36QJ4P82;
				INFOPLIST_FILE = UDSTestTests/Info.plist;
				IPHONEOS_DEPLOYMENT_TARGET = 13.2;
				LD_RUNPATH_SEARCH_PATHS = (
					"$(inherited)",
					"@executable_path/Frameworks",
					"@loader_path/Frameworks",
				);
				PRODUCT_BUNDLE_IDENTIFIER = alanvictor.UDSTestTests;
				PRODUCT_NAME = "$(TARGET_NAME)";
				SWIFT_VERSION = 5.0;
				TARGETED_DEVICE_FAMILY = "1,2";
				TEST_HOST = "$(BUILT_PRODUCTS_DIR)/UDSTest.app/UDSTest";
			};
			name = Debug;
		};
		924DE2D72393FE5400F5D823 /* Release */ = {
			isa = XCBuildConfiguration;
			baseConfigurationReference = 94FDD08858CA38CF08B0D954 /* Pods-UDSTestTests.release.xcconfig */;
			buildSettings = {
				ALWAYS_EMBED_SWIFT_STANDARD_LIBRARIES = YES;
				BUNDLE_LOADER = "$(TEST_HOST)";
				CODE_SIGN_STYLE = Automatic;
				DEVELOPMENT_TEAM = NM36QJ4P82;
				INFOPLIST_FILE = UDSTestTests/Info.plist;
				IPHONEOS_DEPLOYMENT_TARGET = 13.2;
				LD_RUNPATH_SEARCH_PATHS = (
					"$(inherited)",
					"@executable_path/Frameworks",
					"@loader_path/Frameworks",
				);
				PRODUCT_BUNDLE_IDENTIFIER = alanvictor.UDSTestTests;
				PRODUCT_NAME = "$(TARGET_NAME)";
				SWIFT_VERSION = 5.0;
				TARGETED_DEVICE_FAMILY = "1,2";
				TEST_HOST = "$(BUILT_PRODUCTS_DIR)/UDSTest.app/UDSTest";
			};
			name = Release;
		};
		924DE2D92393FE5400F5D823 /* Debug */ = {
			isa = XCBuildConfiguration;
			baseConfigurationReference = C1E6953B54371F7D6806B596 /* Pods-UDSTest-UDSTestUITests.debug.xcconfig */;
			buildSettings = {
				ALWAYS_EMBED_SWIFT_STANDARD_LIBRARIES = YES;
				CODE_SIGN_STYLE = Automatic;
				DEVELOPMENT_TEAM = NM36QJ4P82;
				INFOPLIST_FILE = UDSTestUITests/Info.plist;
				LD_RUNPATH_SEARCH_PATHS = (
					"$(inherited)",
					"@executable_path/Frameworks",
					"@loader_path/Frameworks",
				);
				PRODUCT_BUNDLE_IDENTIFIER = alanvictor.UDSTestUITests;
				PRODUCT_NAME = "$(TARGET_NAME)";
				SWIFT_VERSION = 5.0;
				TARGETED_DEVICE_FAMILY = "1,2";
				TEST_TARGET_NAME = UDSTest;
			};
			name = Debug;
		};
		924DE2DA2393FE5400F5D823 /* Release */ = {
			isa = XCBuildConfiguration;
			baseConfigurationReference = FB9AA198B7D77308FC710AE5 /* Pods-UDSTest-UDSTestUITests.release.xcconfig */;
			buildSettings = {
				ALWAYS_EMBED_SWIFT_STANDARD_LIBRARIES = YES;
				CODE_SIGN_STYLE = Automatic;
				DEVELOPMENT_TEAM = NM36QJ4P82;
				INFOPLIST_FILE = UDSTestUITests/Info.plist;
				LD_RUNPATH_SEARCH_PATHS = (
					"$(inherited)",
					"@executable_path/Frameworks",
					"@loader_path/Frameworks",
				);
				PRODUCT_BUNDLE_IDENTIFIER = alanvictor.UDSTestUITests;
				PRODUCT_NAME = "$(TARGET_NAME)";
				SWIFT_VERSION = 5.0;
				TARGETED_DEVICE_FAMILY = "1,2";
				TEST_TARGET_NAME = UDSTest;
			};
			name = Release;
		};
/* End XCBuildConfiguration section */

/* Begin XCConfigurationList section */
		924DE2A02393FE5100F5D823 /* Build configuration list for PBXProject "UDSTest" */ = {
			isa = XCConfigurationList;
			buildConfigurations = (
				924DE2D02393FE5400F5D823 /* Debug */,
				924DE2D12393FE5400F5D823 /* Release */,
			);
			defaultConfigurationIsVisible = 0;
			defaultConfigurationName = Release;
		};
		924DE2D22393FE5400F5D823 /* Build configuration list for PBXNativeTarget "UDSTest" */ = {
			isa = XCConfigurationList;
			buildConfigurations = (
				924DE2D32393FE5400F5D823 /* Debug */,
				924DE2D42393FE5400F5D823 /* Release */,
			);
			defaultConfigurationIsVisible = 0;
			defaultConfigurationName = Release;
		};
		924DE2D52393FE5400F5D823 /* Build configuration list for PBXNativeTarget "UDSTestTests" */ = {
			isa = XCConfigurationList;
			buildConfigurations = (
				924DE2D62393FE5400F5D823 /* Debug */,
				924DE2D72393FE5400F5D823 /* Release */,
			);
			defaultConfigurationIsVisible = 0;
			defaultConfigurationName = Release;
		};
		924DE2D82393FE5400F5D823 /* Build configuration list for PBXNativeTarget "UDSTestUITests" */ = {
			isa = XCConfigurationList;
			buildConfigurations = (
				924DE2D92393FE5400F5D823 /* Debug */,
				924DE2DA2393FE5400F5D823 /* Release */,
			);
			defaultConfigurationIsVisible = 0;
			defaultConfigurationName = Release;
		};
/* End XCConfigurationList section */

/* Begin XCVersionGroup section */
		924DE2B12393FE5100F5D823 /* UDSTest.xcdatamodeld */ = {
			isa = XCVersionGroup;
			children = (
				924DE2B22393FE5100F5D823 /* UDSTest.xcdatamodel */,
			);
			currentVersion = 924DE2B22393FE5100F5D823 /* UDSTest.xcdatamodel */;
			path = UDSTest.xcdatamodeld;
			sourceTree = "<group>";
			versionGroupType = wrapper.xcdatamodel;
		};
/* End XCVersionGroup section */
	};
	rootObject = 924DE29D2393FE5100F5D823 /* Project object */;
}
